// !$*UTF8*$!
{
	archiveVersion = 1;
	classes = {
	};
	objectVersion = 56;
	objects = {

/* Begin PBXBuildFile section */
		889E2C102A5FD82F00C41846 /* LandmarksApp.swift in Sources */ = {isa = PBXBuildFile; fileRef = 889E2C0F2A5FD82F00C41846 /* LandmarksApp.swift */; };
		889E2C122A5FD82F00C41846 /* ContentView.swift in Sources */ = {isa = PBXBuildFile; fileRef = 889E2C112A5FD82F00C41846 /* ContentView.swift */; };
		889E2C142A5FD82F00C41846 /* Assets.xcassets in Resources */ = {isa = PBXBuildFile; fileRef = 889E2C132A5FD82F00C41846 /* Assets.xcassets */; };
		889E2C172A5FD82F00C41846 /* Preview Assets.xcassets in Resources */ = {isa = PBXBuildFile; fileRef = 889E2C162A5FD82F00C41846 /* Preview Assets.xcassets */; };
		889E2C1E2A5FD9E200C41846 /* CircleImage.swift in Sources */ = {isa = PBXBuildFile; fileRef = 889E2C1D2A5FD9E200C41846 /* CircleImage.swift */; };
		889E2C202A5FDAA000C41846 /* MapView.swift in Sources */ = {isa = PBXBuildFile; fileRef = 889E2C1F2A5FDAA000C41846 /* MapView.swift */; };
		889E2C222A5FDE7A00C41846 /* landmarkData.json in Resources */ = {isa = PBXBuildFile; fileRef = 889E2C212A5FDE7A00C41846 /* landmarkData.json */; };
		889E2C242A5FDEBD00C41846 /* Landmark.swift in Sources */ = {isa = PBXBuildFile; fileRef = 889E2C232A5FDEBD00C41846 /* Landmark.swift */; };
		889E2C262A5FDFFD00C41846 /* ModelData.swift in Sources */ = {isa = PBXBuildFile; fileRef = 889E2C252A5FDFFD00C41846 /* ModelData.swift */; };
		889E2C2B2A5FE2EB00C41846 /* LandmarkRow.swift in Sources */ = {isa = PBXBuildFile; fileRef = 889E2C2A2A5FE2EB00C41846 /* LandmarkRow.swift */; };
		889E2C2D2A5FE46500C41846 /* LandmarkList.swift in Sources */ = {isa = PBXBuildFile; fileRef = 889E2C2C2A5FE46500C41846 /* LandmarkList.swift */; };
		889E2C2F2A5FE4FF00C41846 /* LandmarkDetail.swift in Sources */ = {isa = PBXBuildFile; fileRef = 889E2C2E2A5FE4FF00C41846 /* LandmarkDetail.swift */; };
		889E2C332A5FF68A00C41846 /* FavoriteButton.swift in Sources */ = {isa = PBXBuildFile; fileRef = 889E2C322A5FF68A00C41846 /* FavoriteButton.swift */; };
		88C5B3892A600B7C004748CE /* BadgeSymbol.swift in Sources */ = {isa = PBXBuildFile; fileRef = 88C5B3842A600B7C004748CE /* BadgeSymbol.swift */; };
		88C5B38A2A600B7C004748CE /* BadgeBackground.swift in Sources */ = {isa = PBXBuildFile; fileRef = 88C5B3852A600B7C004748CE /* BadgeBackground.swift */; };
		88C5B38B2A600B7C004748CE /* RotatedBadgeSymbol.swift in Sources */ = {isa = PBXBuildFile; fileRef = 88C5B3862A600B7C004748CE /* RotatedBadgeSymbol.swift */; };
		88C5B38C2A600B7C004748CE /* HexagonParameters.swift in Sources */ = {isa = PBXBuildFile; fileRef = 88C5B3872A600B7C004748CE /* HexagonParameters.swift */; };
		88C5B38D2A600B7C004748CE /* Badge.swift in Sources */ = {isa = PBXBuildFile; fileRef = 88C5B3882A600B7C004748CE /* Badge.swift */; };
		88C5B38F2A600F7C004748CE /* hikeData.json in Resources */ = {isa = PBXBuildFile; fileRef = 88C5B38E2A600F7C004748CE /* hikeData.json */; };
/* End PBXBuildFile section */

/* Begin PBXFileReference section */
		889E2C0C2A5FD82F00C41846 /* Landmarks.app */ = {isa = PBXFileReference; explicitFileType = wrapper.application; includeInIndex = 0; path = Landmarks.app; sourceTree = BUILT_PRODUCTS_DIR; };
		889E2C0F2A5FD82F00C41846 /* LandmarksApp.swift */ = {isa = PBXFileReference; lastKnownFileType = sourcecode.swift; path = LandmarksApp.swift; sourceTree = "<group>"; };
		889E2C112A5FD82F00C41846 /* ContentView.swift */ = {isa = PBXFileReference; lastKnownFileType = sourcecode.swift; path = ContentView.swift; sourceTree = "<group>"; };
		889E2C132A5FD82F00C41846 /* Assets.xcassets */ = {isa = PBXFileReference; lastKnownFileType = folder.assetcatalog; path = Assets.xcassets; sourceTree = "<group>"; };
		889E2C162A5FD82F00C41846 /* Preview Assets.xcassets */ = {isa = PBXFileReference; lastKnownFileType = folder.assetcatalog; path = "Preview Assets.xcassets"; sourceTree = "<group>"; };
		889E2C1D2A5FD9E200C41846 /* CircleImage.swift */ = {isa = PBXFileReference; lastKnownFileType = sourcecode.swift; path = CircleImage.swift; sourceTree = "<group>"; };
		889E2C1F2A5FDAA000C41846 /* MapView.swift */ = {isa = PBXFileReference; lastKnownFileType = sourcecode.swift; path = MapView.swift; sourceTree = "<group>"; };
		889E2C212A5FDE7A00C41846 /* landmarkData.json */ = {isa = PBXFileReference; fileEncoding = 4; lastKnownFileType = text.json; path = landmarkData.json; sourceTree = "<group>"; };
		889E2C232A5FDEBD00C41846 /* Landmark.swift */ = {isa = PBXFileReference; lastKnownFileType = sourcecode.swift; path = Landmark.swift; sourceTree = "<group>"; };
		889E2C252A5FDFFD00C41846 /* ModelData.swift */ = {isa = PBXFileReference; lastKnownFileType = sourcecode.swift; path = ModelData.swift; sourceTree = "<group>"; };
		889E2C2A2A5FE2EB00C41846 /* LandmarkRow.swift */ = {isa = PBXFileReference; lastKnownFileType = sourcecode.swift; path = LandmarkRow.swift; sourceTree = "<group>"; };
		889E2C2C2A5FE46500C41846 /* LandmarkList.swift */ = {isa = PBXFileReference; lastKnownFileType = sourcecode.swift; path = LandmarkList.swift; sourceTree = "<group>"; };
		889E2C2E2A5FE4FF00C41846 /* LandmarkDetail.swift */ = {isa = PBXFileReference; lastKnownFileType = sourcecode.swift; path = LandmarkDetail.swift; sourceTree = "<group>"; };
		889E2C322A5FF68A00C41846 /* FavoriteButton.swift */ = {isa = PBXFileReference; lastKnownFileType = sourcecode.swift; path = FavoriteButton.swift; sourceTree = "<group>"; };
		88C5B3842A600B7C004748CE /* BadgeSymbol.swift */ = {isa = PBXFileReference; fileEncoding = 4; lastKnownFileType = sourcecode.swift; name = BadgeSymbol.swift; path = Landmarks/Views/BadgeSymbol.swift; sourceTree = SOURCE_ROOT; };
		88C5B3852A600B7C004748CE /* BadgeBackground.swift */ = {isa = PBXFileReference; fileEncoding = 4; lastKnownFileType = sourcecode.swift; name = BadgeBackground.swift; path = Landmarks/Views/BadgeBackground.swift; sourceTree = SOURCE_ROOT; };
		88C5B3862A600B7C004748CE /* RotatedBadgeSymbol.swift */ = {isa = PBXFileReference; fileEncoding = 4; lastKnownFileType = sourcecode.swift; name = RotatedBadgeSymbol.swift; path = Landmarks/Views/RotatedBadgeSymbol.swift; sourceTree = SOURCE_ROOT; };
		88C5B3872A600B7C004748CE /* HexagonParameters.swift */ = {isa = PBXFileReference; fileEncoding = 4; lastKnownFileType = sourcecode.swift; name = HexagonParameters.swift; path = Landmarks/Views/HexagonParameters.swift; sourceTree = SOURCE_ROOT; };
		88C5B3882A600B7C004748CE /* Badge.swift */ = {isa = PBXFileReference; fileEncoding = 4; lastKnownFileType = sourcecode.swift; name = Badge.swift; path = Landmarks/Views/Badge.swift; sourceTree = SOURCE_ROOT; };
		88C5B38E2A600F7C004748CE /* hikeData.json */ = {isa = PBXFileReference; fileEncoding = 4; lastKnownFileType = text.json; path = hikeData.json; sourceTree = "<group>"; };
/* End PBXFileReference section */

/* Begin PBXFrameworksBuildPhase section */
		889E2C092A5FD82F00C41846 /* Frameworks */ = {
			isa = PBXFrameworksBuildPhase;
			buildActionMask = 2147483647;
			files = (
			);
			runOnlyForDeploymentPostprocessing = 0;
		};
/* End PBXFrameworksBuildPhase section */

/* Begin PBXGroup section */
		889E2C032A5FD82F00C41846 = {
			isa = PBXGroup;
			children = (
				889E2C0E2A5FD82F00C41846 /* Landmarks */,
				889E2C0D2A5FD82F00C41846 /* Products */,
			);
			sourceTree = "<group>";
		};
		889E2C0D2A5FD82F00C41846 /* Products */ = {
			isa = PBXGroup;
			children = (
				889E2C0C2A5FD82F00C41846 /* Landmarks.app */,
			);
			name = Products;
			sourceTree = "<group>";
		};
		889E2C0E2A5FD82F00C41846 /* Landmarks */ = {
			isa = PBXGroup;
			children = (
				889E2C292A5FE2A300C41846 /* Views */,
				889E2C272A5FE29300C41846 /* Model */,
				889E2C282A5FE29B00C41846 /* Resources */,
				889E2C0F2A5FD82F00C41846 /* LandmarksApp.swift */,
				889E2C132A5FD82F00C41846 /* Assets.xcassets */,
				889E2C152A5FD82F00C41846 /* Preview Content */,
			);
			path = Landmarks;
			sourceTree = "<group>";
		};
		889E2C152A5FD82F00C41846 /* Preview Content */ = {
			isa = PBXGroup;
			children = (
				889E2C162A5FD82F00C41846 /* Preview Assets.xcassets */,
			);
			path = "Preview Content";
			sourceTree = "<group>";
		};
		889E2C272A5FE29300C41846 /* Model */ = {
			isa = PBXGroup;
			children = (
				889E2C232A5FDEBD00C41846 /* Landmark.swift */,
				889E2C252A5FDFFD00C41846 /* ModelData.swift */,
			);
			path = Model;
			sourceTree = "<group>";
		};
		889E2C282A5FE29B00C41846 /* Resources */ = {
			isa = PBXGroup;
			children = (
				88C5B38E2A600F7C004748CE /* hikeData.json */,
				889E2C212A5FDE7A00C41846 /* landmarkData.json */,
			);
			path = Resources;
			sourceTree = "<group>";
		};
		889E2C292A5FE2A300C41846 /* Views */ = {
			isa = PBXGroup;
			children = (
				88C5B3832A600B29004748CE /* Badges */,
				889E2C312A5FF65B00C41846 /* Scenes */,
				889E2C302A5FF65400C41846 /* UI */,
			);
			path = Views;
			sourceTree = "<group>";
		};
		889E2C302A5FF65400C41846 /* UI */ = {
			isa = PBXGroup;
			children = (
				889E2C2A2A5FE2EB00C41846 /* LandmarkRow.swift */,
				889E2C1D2A5FD9E200C41846 /* CircleImage.swift */,
				889E2C1F2A5FDAA000C41846 /* MapView.swift */,
				889E2C322A5FF68A00C41846 /* FavoriteButton.swift */,
			);
			path = UI;
			sourceTree = "<group>";
		};
		889E2C312A5FF65B00C41846 /* Scenes */ = {
			isa = PBXGroup;
			children = (
				889E2C112A5FD82F00C41846 /* ContentView.swift */,
				889E2C2E2A5FE4FF00C41846 /* LandmarkDetail.swift */,
				889E2C2C2A5FE46500C41846 /* LandmarkList.swift */,
			);
			path = Scenes;
			sourceTree = "<group>";
		};
		88C5B3832A600B29004748CE /* Badges */ = {
			isa = PBXGroup;
			children = (
				88C5B3882A600B7C004748CE /* Badge.swift */,
				88C5B3852A600B7C004748CE /* BadgeBackground.swift */,
				88C5B3842A600B7C004748CE /* BadgeSymbol.swift */,
				88C5B3872A600B7C004748CE /* HexagonParameters.swift */,
				88C5B3862A600B7C004748CE /* RotatedBadgeSymbol.swift */,
			);
			path = Badges;
			sourceTree = "<group>";
		};
/* End PBXGroup section */

/* Begin PBXNativeTarget section */
		889E2C0B2A5FD82F00C41846 /* Landmarks */ = {
			isa = PBXNativeTarget;
			buildConfigurationList = 889E2C1A2A5FD82F00C41846 /* Build configuration list for PBXNativeTarget "Landmarks" */;
			buildPhases = (
				889E2C082A5FD82F00C41846 /* Sources */,
				889E2C092A5FD82F00C41846 /* Frameworks */,
				889E2C0A2A5FD82F00C41846 /* Resources */,
			);
			buildRules = (
			);
			dependencies = (
			);
			name = Landmarks;
			productName = Landmarks;
			productReference = 889E2C0C2A5FD82F00C41846 /* Landmarks.app */;
			productType = "com.apple.product-type.application";
		};
/* End PBXNativeTarget section */

/* Begin PBXProject section */
		889E2C042A5FD82F00C41846 /* Project object */ = {
			isa = PBXProject;
			attributes = {
				BuildIndependentTargetsInParallel = 1;
				LastSwiftUpdateCheck = 1430;
				LastUpgradeCheck = 1430;
				TargetAttributes = {
					889E2C0B2A5FD82F00C41846 = {
						CreatedOnToolsVersion = 14.3.1;
					};
				};
			};
			buildConfigurationList = 889E2C072A5FD82F00C41846 /* Build configuration list for PBXProject "Landmarks" */;
			compatibilityVersion = "Xcode 14.0";
			developmentRegion = en;
			hasScannedForEncodings = 0;
			knownRegions = (
				en,
				Base,
			);
			mainGroup = 889E2C032A5FD82F00C41846;
			productRefGroup = 889E2C0D2A5FD82F00C41846 /* Products */;
			projectDirPath = "";
			projectRoot = "";
			targets = (
				889E2C0B2A5FD82F00C41846 /* Landmarks */,
			);
		};
/* End PBXProject section */

/* Begin PBXResourcesBuildPhase section */
		889E2C0A2A5FD82F00C41846 /* Resources */ = {
			isa = PBXResourcesBuildPhase;
			buildActionMask = 2147483647;
			files = (
				88C5B38F2A600F7C004748CE /* hikeData.json in Resources */,
				889E2C172A5FD82F00C41846 /* Preview Assets.xcassets in Resources */,
				889E2C142A5FD82F00C41846 /* Assets.xcassets in Resources */,
				889E2C222A5FDE7A00C41846 /* landmarkData.json in Resources */,
			);
			runOnlyForDeploymentPostprocessing = 0;
		};
/* End PBXResourcesBuildPhase section */

/* Begin PBXSourcesBuildPhase section */
		889E2C082A5FD82F00C41846 /* Sources */ = {
			isa = PBXSourcesBuildPhase;
			buildActionMask = 2147483647;
			files = (
				88C5B38C2A600B7C004748CE /* HexagonParameters.swift in Sources */,
				88C5B38D2A600B7C004748CE /* Badge.swift in Sources */,
				889E2C122A5FD82F00C41846 /* ContentView.swift in Sources */,
				889E2C202A5FDAA000C41846 /* MapView.swift in Sources */,
				889E2C102A5FD82F00C41846 /* LandmarksApp.swift in Sources */,
				889E2C332A5FF68A00C41846 /* FavoriteButton.swift in Sources */,
				889E2C2D2A5FE46500C41846 /* LandmarkList.swift in Sources */,
				88C5B3892A600B7C004748CE /* BadgeSymbol.swift in Sources */,
				889E2C2F2A5FE4FF00C41846 /* LandmarkDetail.swift in Sources */,
				88C5B38A2A600B7C004748CE /* BadgeBackground.swift in Sources */,
				889E2C1E2A5FD9E200C41846 /* CircleImage.swift in Sources */,
				889E2C242A5FDEBD00C41846 /* Landmark.swift in Sources */,
				88C5B38B2A600B7C004748CE /* RotatedBadgeSymbol.swift in Sources */,
				889E2C2B2A5FE2EB00C41846 /* LandmarkRow.swift in Sources */,
				889E2C262A5FDFFD00C41846 /* ModelData.swift in Sources */,
			);
			runOnlyForDeploymentPostprocessing = 0;
		};
/* End PBXSourcesBuildPhase section */

/* Begin XCBuildConfiguration section */
		889E2C182A5FD82F00C41846 /* Debug */ = {
			isa = XCBuildConfiguration;
			buildSettings = {
				ALWAYS_SEARCH_USER_PATHS = NO;
				CLANG_ANALYZER_NONNULL = YES;
				CLANG_ANALYZER_NUMBER_OBJECT_CONVERSION = YES_AGGRESSIVE;
				CLANG_CXX_LANGUAGE_STANDARD = "gnu++20";
				CLANG_ENABLE_MODULES = YES;
				CLANG_ENABLE_OBJC_ARC = YES;
				CLANG_ENABLE_OBJC_WEAK = YES;
				CLANG_WARN_BLOCK_CAPTURE_AUTORELEASING = YES;
				CLANG_WARN_BOOL_CONVERSION = YES;
				CLANG_WARN_COMMA = YES;
				CLANG_WARN_CONSTANT_CONVERSION = YES;
				CLANG_WARN_DEPRECATED_OBJC_IMPLEMENTATIONS = YES;
				CLANG_WARN_DIRECT_OBJC_ISA_USAGE = YES_ERROR;
				CLANG_WARN_DOCUMENTATION_COMMENTS = YES;
				CLANG_WARN_EMPTY_BODY = YES;
				CLANG_WARN_ENUM_CONVERSION = YES;
				CLANG_WARN_INFINITE_RECURSION = YES;
				CLANG_WARN_INT_CONVERSION = YES;
				CLANG_WARN_NON_LITERAL_NULL_CONVERSION = YES;
				CLANG_WARN_OBJC_IMPLICIT_RETAIN_SELF = YES;
				CLANG_WARN_OBJC_LITERAL_CONVERSION = YES;
				CLANG_WARN_OBJC_ROOT_CLASS = YES_ERROR;
				CLANG_WARN_QUOTED_INCLUDE_IN_FRAMEWORK_HEADER = YES;
				CLANG_WARN_RANGE_LOOP_ANALYSIS = YES;
				CLANG_WARN_STRICT_PROTOTYPES = YES;
				CLANG_WARN_SUSPICIOUS_MOVE = YES;
				CLANG_WARN_UNGUARDED_AVAILABILITY = YES_AGGRESSIVE;
				CLANG_WARN_UNREACHABLE_CODE = YES;
				CLANG_WARN__DUPLICATE_METHOD_MATCH = YES;
				COPY_PHASE_STRIP = NO;
				DEBUG_INFORMATION_FORMAT = dwarf;
				ENABLE_STRICT_OBJC_MSGSEND = YES;
				ENABLE_TESTABILITY = YES;
				GCC_C_LANGUAGE_STANDARD = gnu11;
				GCC_DYNAMIC_NO_PIC = NO;
				GCC_NO_COMMON_BLOCKS = YES;
				GCC_OPTIMIZATION_LEVEL = 0;
				GCC_PREPROCESSOR_DEFINITIONS = (
					"DEBUG=1",
					"$(inherited)",
				);
				GCC_WARN_64_TO_32_BIT_CONVERSION = YES;
				GCC_WARN_ABOUT_RETURN_TYPE = YES_ERROR;
				GCC_WARN_UNDECLARED_SELECTOR = YES;
				GCC_WARN_UNINITIALIZED_AUTOS = YES_AGGRESSIVE;
				GCC_WARN_UNUSED_FUNCTION = YES;
				GCC_WARN_UNUSED_VARIABLE = YES;
				IPHONEOS_DEPLOYMENT_TARGET = 16.4;
				MTL_ENABLE_DEBUG_INFO = INCLUDE_SOURCE;
				MTL_FAST_MATH = YES;
				ONLY_ACTIVE_ARCH = YES;
				SDKROOT = iphoneos;
				SWIFT_ACTIVE_COMPILATION_CONDITIONS = DEBUG;
				SWIFT_OPTIMIZATION_LEVEL = "-Onone";
			};
			name = Debug;
		};
		889E2C192A5FD82F00C41846 /* Release */ = {
			isa = XCBuildConfiguration;
			buildSettings = {
				ALWAYS_SEARCH_USER_PATHS = NO;
				CLANG_ANALYZER_NONNULL = YES;
				CLANG_ANALYZER_NUMBER_OBJECT_CONVERSION = YES_AGGRESSIVE;
				CLANG_CXX_LANGUAGE_STANDARD = "gnu++20";
				CLANG_ENABLE_MODULES = YES;
				CLANG_ENABLE_OBJC_ARC = YES;
				CLANG_ENABLE_OBJC_WEAK = YES;
				CLANG_WARN_BLOCK_CAPTURE_AUTORELEASING = YES;
				CLANG_WARN_BOOL_CONVERSION = YES;
				CLANG_WARN_COMMA = YES;
				CLANG_WARN_CONSTANT_CONVERSION = YES;
				CLANG_WARN_DEPRECATED_OBJC_IMPLEMENTATIONS = YES;
				CLANG_WARN_DIRECT_OBJC_ISA_USAGE = YES_ERROR;
				CLANG_WARN_DOCUMENTATION_COMMENTS = YES;
				CLANG_WARN_EMPTY_BODY = YES;
				CLANG_WARN_ENUM_CONVERSION = YES;
				CLANG_WARN_INFINITE_RECURSION = YES;
				CLANG_WARN_INT_CONVERSION = YES;
				CLANG_WARN_NON_LITERAL_NULL_CONVERSION = YES;
				CLANG_WARN_OBJC_IMPLICIT_RETAIN_SELF = YES;
				CLANG_WARN_OBJC_LITERAL_CONVERSION = YES;
				CLANG_WARN_OBJC_ROOT_CLASS = YES_ERROR;
				CLANG_WARN_QUOTED_INCLUDE_IN_FRAMEWORK_HEADER = YES;
				CLANG_WARN_RANGE_LOOP_ANALYSIS = YES;
				CLANG_WARN_STRICT_PROTOTYPES = YES;
				CLANG_WARN_SUSPICIOUS_MOVE = YES;
				CLANG_WARN_UNGUARDED_AVAILABILITY = YES_AGGRESSIVE;
				CLANG_WARN_UNREACHABLE_CODE = YES;
				CLANG_WARN__DUPLICATE_METHOD_MATCH = YES;
				COPY_PHASE_STRIP = NO;
				DEBUG_INFORMATION_FORMAT = "dwarf-with-dsym";
				ENABLE_NS_ASSERTIONS = NO;
				ENABLE_STRICT_OBJC_MSGSEND = YES;
				GCC_C_LANGUAGE_STANDARD = gnu11;
				GCC_NO_COMMON_BLOCKS = YES;
				GCC_WARN_64_TO_32_BIT_CONVERSION = YES;
				GCC_WARN_ABOUT_RETURN_TYPE = YES_ERROR;
				GCC_WARN_UNDECLARED_SELECTOR = YES;
				GCC_WARN_UNINITIALIZED_AUTOS = YES_AGGRESSIVE;
				GCC_WARN_UNUSED_FUNCTION = YES;
				GCC_WARN_UNUSED_VARIABLE = YES;
				IPHONEOS_DEPLOYMENT_TARGET = 16.4;
				MTL_ENABLE_DEBUG_INFO = NO;
				MTL_FAST_MATH = YES;
				SDKROOT = iphoneos;
				SWIFT_COMPILATION_MODE = wholemodule;
				SWIFT_OPTIMIZATION_LEVEL = "-O";
				VALIDATE_PRODUCT = YES;
			};
			name = Release;
		};
		889E2C1B2A5FD82F00C41846 /* Debug */ = {
			isa = XCBuildConfiguration;
			buildSettings = {
				ASSETCATALOG_COMPILER_APPICON_NAME = AppIcon;
				ASSETCATALOG_COMPILER_GLOBAL_ACCENT_COLOR_NAME = AccentColor;
				CODE_SIGN_STYLE = Automatic;
				CURRENT_PROJECT_VERSION = 1;
				DEVELOPMENT_ASSET_PATHS = "\"Landmarks/Preview Content\"";
				DEVELOPMENT_TEAM = L9F9U7P6GK;
				ENABLE_PREVIEWS = YES;
				GENERATE_INFOPLIST_FILE = YES;
				INFOPLIST_KEY_UIApplicationSceneManifest_Generation = YES;
				INFOPLIST_KEY_UIApplicationSupportsIndirectInputEvents = YES;
				INFOPLIST_KEY_UILaunchScreen_Generation = YES;
				INFOPLIST_KEY_UISupportedInterfaceOrientations_iPad = "UIInterfaceOrientationPortrait UIInterfaceOrientationPortraitUpsideDown UIInterfaceOrientationLandscapeLeft UIInterfaceOrientationLandscapeRight";
				INFOPLIST_KEY_UISupportedInterfaceOrientations_iPhone = "UIInterfaceOrientationPortrait UIInterfaceOrientationLandscapeLeft UIInterfaceOrientationLandscapeRight";
				LD_RUNPATH_SEARCH_PATHS = (
					"$(inherited)",
					"@executable_path/Frameworks",
				);
				MARKETING_VERSION = 1.0;
				PRODUCT_BUNDLE_IDENTIFIER = com.msaadev.Landmarks;
				PRODUCT_NAME = "$(TARGET_NAME)";
				SWIFT_EMIT_LOC_STRINGS = YES;
				SWIFT_VERSION = 5.0;
				TARGETED_DEVICE_FAMILY = "1,2";
			};
			name = Debug;
		};
		889E2C1C2A5FD82F00C41846 /* Release */ = {
			isa = XCBuildConfiguration;
			buildSettings = {
				ASSETCATALOG_COMPILER_APPICON_NAME = AppIcon;
				ASSETCATALOG_COMPILER_GLOBAL_ACCENT_COLOR_NAME = AccentColor;
				CODE_SIGN_STYLE = Automatic;
				CURRENT_PROJECT_VERSION = 1;
				DEVELOPMENT_ASSET_PATHS = "\"Landmarks/Preview Content\"";
				DEVELOPMENT_TEAM = L9F9U7P6GK;
				ENABLE_PREVIEWS = YES;
				GENERATE_INFOPLIST_FILE = YES;
				INFOPLIST_KEY_UIApplicationSceneManifest_Generation = YES;
				INFOPLIST_KEY_UIApplicationSupportsIndirectInputEvents = YES;
				INFOPLIST_KEY_UILaunchScreen_Generation = YES;
				INFOPLIST_KEY_UISupportedInterfaceOrientations_iPad = "UIInterfaceOrientationPortrait UIInterfaceOrientationPortraitUpsideDown UIInterfaceOrientationLandscapeLeft UIInterfaceOrientationLandscapeRight";
				INFOPLIST_KEY_UISupportedInterfaceOrientations_iPhone = "UIInterfaceOrientationPortrait UIInterfaceOrientationLandscapeLeft UIInterfaceOrientationLandscapeRight";
				LD_RUNPATH_SEARCH_PATHS = (
					"$(inherited)",
					"@executable_path/Frameworks",
				);
				MARKETING_VERSION = 1.0;
				PRODUCT_BUNDLE_IDENTIFIER = com.msaadev.Landmarks;
				PRODUCT_NAME = "$(TARGET_NAME)";
				SWIFT_EMIT_LOC_STRINGS = YES;
				SWIFT_VERSION = 5.0;
				TARGETED_DEVICE_FAMILY = "1,2";
			};
			name = Release;
		};
/* End XCBuildConfiguration section */

/* Begin XCConfigurationList section */
		889E2C072A5FD82F00C41846 /* Build configuration list for PBXProject "Landmarks" */ = {
			isa = XCConfigurationList;
			buildConfigurations = (
				889E2C182A5FD82F00C41846 /* Debug */,
				889E2C192A5FD82F00C41846 /* Release */,
			);
			defaultConfigurationIsVisible = 0;
			defaultConfigurationName = Release;
		};
		889E2C1A2A5FD82F00C41846 /* Build configuration list for PBXNativeTarget "Landmarks" */ = {
			isa = XCConfigurationList;
			buildConfigurations = (
				889E2C1B2A5FD82F00C41846 /* Debug */,
				889E2C1C2A5FD82F00C41846 /* Release */,
			);
			defaultConfigurationIsVisible = 0;
			defaultConfigurationName = Release;
		};
/* End XCConfigurationList section */
	};
	rootObject = 889E2C042A5FD82F00C41846 /* Project object */;
}
